%{
  "complex": {:hex, :complex, "0.4.2", "923e5db0be13dbb3ea00cf8459d9f75f3afdd9ff5a82742ded21064330d28273", [:mix], [], "hexpm", "069a085ef820ce675a2619fd125b963ff4514af2102c7f7d7965128e5ec0a429"},
  "elixir_make": {:hex, :elixir_make, "0.6.3", "bc07d53221216838d79e03a8019d0839786703129599e9619f4ab74c8c096eac", [:mix], [], "hexpm", "f5cbd651c5678bcaabdbb7857658ee106b12509cd976c2c2fca99688e1daf716"},
  "ex_png": {:hex, :ex_png, "1.0.0", "196008a5f02eecce28c928471387c5834bb1403482fd6fa22c94c3e343399edd", [:mix], [], "hexpm", "376dfec466ac1ea1f726ba784a99575047498b350b1f4db607d9bcd756ebbc7d"},
  "image": {:hex, :image, "0.14.2", "e42f4dbf60d480b8bb9b915f18b5a3fd3006c1d2ad7f7a33461097022f273419", [:mix], [{:evision, ">= 0.1.14", [hex: :evision, repo: "hexpm", optional: true]}, {:kino, "~> 0.7", [hex: :kino, repo: "hexpm", optional: true]}, {:nx, "~> 0.2", [hex: :nx, repo: "hexpm", optional: true]}, {:phoenix_html, "~> 2.14 or ~> 3.2", [hex: :phoenix_html, repo: "hexpm", optional: false]}, {:plug, "~> 1.13", [hex: :plug, repo: "hexpm", optional: true]}, {:sweet_xml, "~> 0.7", [hex: :sweet_xml, repo: "hexpm", optional: false]}, {:vix, "~> 0.14", [hex: :vix, repo: "hexpm", optional: false]}], "hexpm", "981312c98eb268a7a038f5df998dad35dbd37368f35c6e28c0962348efd5c555"},
  "matrex": {:hex, :matrex, "0.6.8", "ccb491e661bae7931ee6b0e68f5e1cd28528e5360a59bc3ab4d759b89be1701e", [:make], [{:elixir_make, "~> 0.4", [hex: :elixir_make, repo: "hexpm", optional: false]}], "hexpm", "043ef9fdd9809b012568915f2fc396ea5c5631fd792f75c1148f03d478d60901"},
  "nx": {:hex, :nx, "0.4.0", "2ec2cebec6a9ac8a3d5ae8ef79345cf92f37f9018d50817684e51e97b86f3d36", [:mix], [{:complex, "~> 0.4.2", [hex: :complex, repo: "hexpm", optional: false]}], "hexpm", "bab955768dadfe2208723fbffc9255341b023291f2aabcbd25bf98167dd3399e"},
  "phoenix_html": {:hex, :phoenix_html, "3.2.0", "1c1219d4b6cb22ac72f12f73dc5fad6c7563104d083f711c3fcd8551a1f4ae11", [:mix], [{:plug, "~> 1.5", [hex: :plug, repo: "hexpm", optional: true]}], "hexpm", "36ec97ba56d25c0136ef1992c37957e4246b649d620958a1f9fa86165f8bc54f"},
  "pixels": {:hex, :pixels, "0.2.1", "fef581b455d95aaabeccf56d78aee4bfb9146837e4be8b3d0ec71ca4fe1175d0", [:make, :mix], [{:elixir_make, "~> 0.6.0", [hex: :elixir_make, repo: "hexpm", optional: false]}], "hexpm", "b50c267db57933170e2a31611b9b12b1cc52799ee7dc71400d86980c1d6817fe"},
  "sweet_xml": {:hex, :sweet_xml, "0.7.3", "debb256781c75ff6a8c5cbf7981146312b66f044a2898f453709a53e5031b45b", [:mix], [], "hexpm", "e110c867a1b3fe74bfc7dd9893aa851f0eed5518d0d7cad76d7baafd30e4f5ba"},
  "vix": {:hex, :vix, "0.14.0", "f84eaf28191514d385829580db4e1c971e75ecfa771538a40159c18d88340049", [:make, :mix], [{:elixir_make, "~> 0.6", [hex: :elixir_make, repo: "hexpm", optional: false]}, {:kino, "~> 0.7", [hex: :kino, repo: "hexpm", optional: true]}], "hexpm", "964003b93351b51d0a5b80d80b3d568da4546e6ecbb1ee0bd0fb0a5c8d6e8cc9"},
}
